
Microsoft Visual Studio Solution File, Format Version 12.00
# Visual Studio Version 17
VisualStudioVersion = 17.6.33723.286
MinimumVisualStudioVersion = 10.0.40219.1
Project("{FAE04EC0-301F-11D3-BF4B-00C04F79EFBC}") = "Sh", "Sh\Sh.csproj", "{4557FA86-2BD4-48A1-990D-C7E921C18EA4}"
EndProject
Global
	GlobalSection(SolutionConfigurationPlatforms) = preSolution
		Debug|Any CPU = Debug|Any CPU
		Release|Any CPU = Release|Any CPU
	EndGlobalSection
	GlobalSection(ProjectConfigurationPlatforms) = postSolution
		{4557FA86-2BD4-48A1-990D-C7E921C18EA4}.Debug|Any CPU.ActiveCfg = Debug|Any CPU
		{4557FA86-2BD4-48A1-990D-C7E921C18EA4}.Debug|Any CPU.Build.0 = Debug|Any CPU
		{4557FA86-2BD4-48A1-990D-C7E921C18EA4}.Release|Any CPU.ActiveCfg = Release|Any CPU
		{4557FA86-2BD4-48A1-990D-C7E921C18EA4}.Release|Any CPU.Build.0 = Release|Any CPU
	EndGlobalSection
	GlobalSection(SolutionProperties) = preSolution
		HideSolutionNode = FALSE
	EndGlobalSection
	GlobalSection(ExtensibilityGlobals) = postSolution
		SolutionGuid = {703ADD1B-4DFB-4C94-B2EA-014779BD7AEC}
	EndGlobalSection
EndGlobal
